// !$*UTF8*$!
{
	archiveVersion = 1;
	classes = {
	};
	objectVersion = 50;
	objects = {

/* Begin PBXBuildFile section */
		B609C062243D228100E96B86 /* Currency.swift in Sources */ = {isa = PBXBuildFile; fileRef = B609C061243D228100E96B86 /* Currency.swift */; };
		B609C064243D25E200E96B86 /* CurrencyConverterViewModelProtocol.swift in Sources */ = {isa = PBXBuildFile; fileRef = B609C063243D25E200E96B86 /* CurrencyConverterViewModelProtocol.swift */; };
		B609C066243D270200E96B86 /* TopCornerRoundedView.swift in Sources */ = {isa = PBXBuildFile; fileRef = B609C065243D270200E96B86 /* TopCornerRoundedView.swift */; };
		B609C068243D29EF00E96B86 /* DarkRoundedTextField.swift in Sources */ = {isa = PBXBuildFile; fileRef = B609C067243D29EF00E96B86 /* DarkRoundedTextField.swift */; };
		B609C06A243D2BBD00E96B86 /* CurrencyConverterViewModel.swift in Sources */ = {isa = PBXBuildFile; fileRef = B609C069243D2BBD00E96B86 /* CurrencyConverterViewModel.swift */; };
		B619B05A243CEC1900FF40DF /* AppDelegate.swift in Sources */ = {isa = PBXBuildFile; fileRef = B619B059243CEC1900FF40DF /* AppDelegate.swift */; };
		B619B05C243CEC1900FF40DF /* SceneDelegate.swift in Sources */ = {isa = PBXBuildFile; fileRef = B619B05B243CEC1900FF40DF /* SceneDelegate.swift */; };
		B619B05E243CEC1900FF40DF /* ViewController.swift in Sources */ = {isa = PBXBuildFile; fileRef = B619B05D243CEC1900FF40DF /* ViewController.swift */; };
		B619B061243CEC1900FF40DF /* Main.storyboard in Resources */ = {isa = PBXBuildFile; fileRef = B619B05F243CEC1900FF40DF /* Main.storyboard */; };
		B619B063243CEC1A00FF40DF /* Assets.xcassets in Resources */ = {isa = PBXBuildFile; fileRef = B619B062243CEC1A00FF40DF /* Assets.xcassets */; };
		B619B066243CEC1A00FF40DF /* LaunchScreen.storyboard in Resources */ = {isa = PBXBuildFile; fileRef = B619B064243CEC1A00FF40DF /* LaunchScreen.storyboard */; };
		B619B072243CEFDD00FF40DF /* CurrencyTextField.swift in Sources */ = {isa = PBXBuildFile; fileRef = B619B071243CEFDD00FF40DF /* CurrencyTextField.swift */; };
/* End PBXBuildFile section */

/* Begin PBXFileReference section */
		B609C061243D228100E96B86 /* Currency.swift */ = {isa = PBXFileReference; lastKnownFileType = sourcecode.swift; path = Currency.swift; sourceTree = "<group>"; };
		B609C063243D25E200E96B86 /* CurrencyConverterViewModelProtocol.swift */ = {isa = PBXFileReference; lastKnownFileType = sourcecode.swift; path = CurrencyConverterViewModelProtocol.swift; sourceTree = "<group>"; };
		B609C065243D270200E96B86 /* TopCornerRoundedView.swift */ = {isa = PBXFileReference; lastKnownFileType = sourcecode.swift; path = TopCornerRoundedView.swift; sourceTree = "<group>"; };
		B609C067243D29EF00E96B86 /* DarkRoundedTextField.swift */ = {isa = PBXFileReference; lastKnownFileType = sourcecode.swift; path = DarkRoundedTextField.swift; sourceTree = "<group>"; };
		B609C069243D2BBD00E96B86 /* CurrencyConverterViewModel.swift */ = {isa = PBXFileReference; lastKnownFileType = sourcecode.swift; path = CurrencyConverterViewModel.swift; sourceTree = "<group>"; };
		B619B056243CEC1900FF40DF /* CurrencyConverterMVVM.app */ = {isa = PBXFileReference; explicitFileType = wrapper.application; includeInIndex = 0; path = CurrencyConverterMVVM.app; sourceTree = BUILT_PRODUCTS_DIR; };
		B619B059243CEC1900FF40DF /* AppDelegate.swift */ = {isa = PBXFileReference; lastKnownFileType = sourcecode.swift; path = AppDelegate.swift; sourceTree = "<group>"; };
		B619B05B243CEC1900FF40DF /* SceneDelegate.swift */ = {isa = PBXFileReference; lastKnownFileType = sourcecode.swift; path = SceneDelegate.swift; sourceTree = "<group>"; };
		B619B05D243CEC1900FF40DF /* ViewController.swift */ = {isa = PBXFileReference; lastKnownFileType = sourcecode.swift; path = ViewController.swift; sourceTree = "<group>"; };
		B619B060243CEC1900FF40DF /* Base */ = {isa = PBXFileReference; lastKnownFileType = file.storyboard; name = Base; path = Base.lproj/Main.storyboard; sourceTree = "<group>"; };
		B619B062243CEC1A00FF40DF /* Assets.xcassets */ = {isa = PBXFileReference; lastKnownFileType = folder.assetcatalog; path = Assets.xcassets; sourceTree = "<group>"; };
		B619B065243CEC1A00FF40DF /* Base */ = {isa = PBXFileReference; lastKnownFileType = file.storyboard; name = Base; path = Base.lproj/LaunchScreen.storyboard; sourceTree = "<group>"; };
		B619B067243CEC1A00FF40DF /* Info.plist */ = {isa = PBXFileReference; lastKnownFileType = text.plist.xml; path = Info.plist; sourceTree = "<group>"; };
		B619B071243CEFDD00FF40DF /* CurrencyTextField.swift */ = {isa = PBXFileReference; lastKnownFileType = sourcecode.swift; path = CurrencyTextField.swift; sourceTree = "<group>"; };
/* End PBXFileReference section */

/* Begin PBXFrameworksBuildPhase section */
		B619B053243CEC1900FF40DF /* Frameworks */ = {
			isa = PBXFrameworksBuildPhase;
			buildActionMask = 2147483647;
			files = (
			);
			runOnlyForDeploymentPostprocessing = 0;
		};
/* End PBXFrameworksBuildPhase section */

/* Begin PBXGroup section */
		B609C05F243D013300E96B86 /* Supporting Files */ = {
			isa = PBXGroup;
			children = (
				B619B059243CEC1900FF40DF /* AppDelegate.swift */,
				B619B05B243CEC1900FF40DF /* SceneDelegate.swift */,
			);
			path = "Supporting Files";
			sourceTree = "<group>";
		};
		B619B04D243CEC1900FF40DF = {
			isa = PBXGroup;
			children = (
				B619B058243CEC1900FF40DF /* CurrencyConverterMVVM */,
				B619B057243CEC1900FF40DF /* Products */,
			);
			sourceTree = "<group>";
		};
		B619B057243CEC1900FF40DF /* Products */ = {
			isa = PBXGroup;
			children = (
				B619B056243CEC1900FF40DF /* CurrencyConverterMVVM.app */,
			);
			name = Products;
			sourceTree = "<group>";
		};
		B619B058243CEC1900FF40DF /* CurrencyConverterMVVM */ = {
			isa = PBXGroup;
			children = (
				B609C05F243D013300E96B86 /* Supporting Files */,
				B619B070243CEFB600FF40DF /* Controllers */,
				B619B06F243CEFAF00FF40DF /* ViewModels */,
				B619B06E243CEFAB00FF40DF /* Views */,
				B619B06D243CEFA500FF40DF /* Models */,
				B619B062243CEC1A00FF40DF /* Assets.xcassets */,
				B619B067243CEC1A00FF40DF /* Info.plist */,
			);
			path = CurrencyConverterMVVM;
			sourceTree = "<group>";
		};
		B619B06D243CEFA500FF40DF /* Models */ = {
			isa = PBXGroup;
			children = (
				B609C061243D228100E96B86 /* Currency.swift */,
			);
			path = Models;
			sourceTree = "<group>";
		};
		B619B06E243CEFAB00FF40DF /* Views */ = {
			isa = PBXGroup;
			children = (
				B619B064243CEC1A00FF40DF /* LaunchScreen.storyboard */,
				B619B05F243CEC1900FF40DF /* Main.storyboard */,
				B609C065243D270200E96B86 /* TopCornerRoundedView.swift */,
				B609C067243D29EF00E96B86 /* DarkRoundedTextField.swift */,
				B619B071243CEFDD00FF40DF /* CurrencyTextField.swift */,
			);
			path = Views;
			sourceTree = "<group>";
		};
		B619B06F243CEFAF00FF40DF /* ViewModels */ = {
			isa = PBXGroup;
			children = (
				B609C063243D25E200E96B86 /* CurrencyConverterViewModelProtocol.swift */,
				B609C069243D2BBD00E96B86 /* CurrencyConverterViewModel.swift */,
			);
			path = ViewModels;
			sourceTree = "<group>";
		};
		B619B070243CEFB600FF40DF /* Controllers */ = {
			isa = PBXGroup;
			children = (
				B619B05D243CEC1900FF40DF /* ViewController.swift */,
			);
			path = Controllers;
			sourceTree = "<group>";
		};
/* End PBXGroup section */

/* Begin PBXNativeTarget section */
		B619B055243CEC1900FF40DF /* CurrencyConverterMVVM */ = {
			isa = PBXNativeTarget;
			buildConfigurationList = B619B06A243CEC1A00FF40DF /* Build configuration list for PBXNativeTarget "CurrencyConverterMVVM" */;
			buildPhases = (
				B619B052243CEC1900FF40DF /* Sources */,
				B619B053243CEC1900FF40DF /* Frameworks */,
				B619B054243CEC1900FF40DF /* Resources */,
			);
			buildRules = (
			);
			dependencies = (
			);
			name = CurrencyConverterMVVM;
			productName = CurrencyConverterMVVM;
			productReference = B619B056243CEC1900FF40DF /* CurrencyConverterMVVM.app */;
			productType = "com.apple.product-type.application";
		};
/* End PBXNativeTarget section */

/* Begin PBXProject section */
		B619B04E243CEC1900FF40DF /* Project object */ = {
			isa = PBXProject;
			attributes = {
				LastSwiftUpdateCheck = 1140;
				LastUpgradeCheck = 1140;
				ORGANIZATIONNAME = "Lucas Fernandez Nicolau";
				TargetAttributes = {
					B619B055243CEC1900FF40DF = {
						CreatedOnToolsVersion = 11.4;
					};
				};
			};
			buildConfigurationList = B619B051243CEC1900FF40DF /* Build configuration list for PBXProject "CurrencyConverterMVVM" */;
			compatibilityVersion = "Xcode 9.3";
			developmentRegion = en;
			hasScannedForEncodings = 0;
			knownRegions = (
				en,
				Base,
			);
			mainGroup = B619B04D243CEC1900FF40DF;
			productRefGroup = B619B057243CEC1900FF40DF /* Products */;
			projectDirPath = "";
			projectRoot = "";
			targets = (
				B619B055243CEC1900FF40DF /* CurrencyConverterMVVM */,
			);
		};
/* End PBXProject section */

/* Begin PBXResourcesBuildPhase section */
		B619B054243CEC1900FF40DF /* Resources */ = {
			isa = PBXResourcesBuildPhase;
			buildActionMask = 2147483647;
			files = (
				B619B066243CEC1A00FF40DF /* LaunchScreen.storyboard in Resources */,
				B619B063243CEC1A00FF40DF /* Assets.xcassets in Resources */,
				B619B061243CEC1900FF40DF /* Main.storyboard in Resources */,
			);
			runOnlyForDeploymentPostprocessing = 0;
		};
/* End PBXResourcesBuildPhase section */

/* Begin PBXSourcesBuildPhase section */
		B619B052243CEC1900FF40DF /* Sources */ = {
			isa = PBXSourcesBuildPhase;
			buildActionMask = 2147483647;
			files = (
				B619B072243CEFDD00FF40DF /* CurrencyTextField.swift in Sources */,
				B609C068243D29EF00E96B86 /* DarkRoundedTextField.swift in Sources */,
				B619B05E243CEC1900FF40DF /* ViewController.swift in Sources */,
				B609C066243D270200E96B86 /* TopCornerRoundedView.swift in Sources */,
				B609C064243D25E200E96B86 /* CurrencyConverterViewModelProtocol.swift in Sources */,
				B609C06A243D2BBD00E96B86 /* CurrencyConverterViewModel.swift in Sources */,
				B609C062243D228100E96B86 /* Currency.swift in Sources */,
				B619B05A243CEC1900FF40DF /* AppDelegate.swift in Sources */,
				B619B05C243CEC1900FF40DF /* SceneDelegate.swift in Sources */,
			);
			runOnlyForDeploymentPostprocessing = 0;
		};
/* End PBXSourcesBuildPhase section */

/* Begin PBXVariantGroup section */
		B619B05F243CEC1900FF40DF /* Main.storyboard */ = {
			isa = PBXVariantGroup;
			children = (
				B619B060243CEC1900FF40DF /* Base */,
			);
			name = Main.storyboard;
			sourceTree = "<group>";
		};
		B619B064243CEC1A00FF40DF /* LaunchScreen.storyboard */ = {
			isa = PBXVariantGroup;
			children = (
				B619B065243CEC1A00FF40DF /* Base */,
			);
			name = LaunchScreen.storyboard;
			sourceTree = "<group>";
		};
/* End PBXVariantGroup section */

/* Begin XCBuildConfiguration section */
		B619B068243CEC1A00FF40DF /* Debug */ = {
			isa = XCBuildConfiguration;
			buildSettings = {
				ALWAYS_SEARCH_USER_PATHS = NO;
				CLANG_ANALYZER_NONNULL = YES;
				CLANG_ANALYZER_NUMBER_OBJECT_CONVERSION = YES_AGGRESSIVE;
				CLANG_CXX_LANGUAGE_STANDARD = "gnu++14";
				CLANG_CXX_LIBRARY = "libc++";
				CLANG_ENABLE_MODULES = YES;
				CLANG_ENABLE_OBJC_ARC = YES;
				CLANG_ENABLE_OBJC_WEAK = YES;
				CLANG_WARN_BLOCK_CAPTURE_AUTORELEASING = YES;
				CLANG_WARN_BOOL_CONVERSION = YES;
				CLANG_WARN_COMMA = YES;
				CLANG_WARN_CONSTANT_CONVERSION = YES;
				CLANG_WARN_DEPRECATED_OBJC_IMPLEMENTATIONS = YES;
				CLANG_WARN_DIRECT_OBJC_ISA_USAGE = YES_ERROR;
				CLANG_WARN_DOCUMENTATION_COMMENTS = YES;
				CLANG_WARN_EMPTY_BODY = YES;
				CLANG_WARN_ENUM_CONVERSION = YES;
				CLANG_WARN_INFINITE_RECURSION = YES;
				CLANG_WARN_INT_CONVERSION = YES;
				CLANG_WARN_NON_LITERAL_NULL_CONVERSION = YES;
				CLANG_WARN_OBJC_IMPLICIT_RETAIN_SELF = YES;
				CLANG_WARN_OBJC_LITERAL_CONVERSION = YES;
				CLANG_WARN_OBJC_ROOT_CLASS = YES_ERROR;
				CLANG_WARN_RANGE_LOOP_ANALYSIS = YES;
				CLANG_WARN_STRICT_PROTOTYPES = YES;
				CLANG_WARN_SUSPICIOUS_MOVE = YES;
				CLANG_WARN_UNGUARDED_AVAILABILITY = YES_AGGRESSIVE;
				CLANG_WARN_UNREACHABLE_CODE = YES;
				CLANG_WARN__DUPLICATE_METHOD_MATCH = YES;
				COPY_PHASE_STRIP = NO;
				DEBUG_INFORMATION_FORMAT = dwarf;
				ENABLE_STRICT_OBJC_MSGSEND = YES;
				ENABLE_TESTABILITY = YES;
				GCC_C_LANGUAGE_STANDARD = gnu11;
				GCC_DYNAMIC_NO_PIC = NO;
				GCC_NO_COMMON_BLOCKS = YES;
				GCC_OPTIMIZATION_LEVEL = 0;
				GCC_PREPROCESSOR_DEFINITIONS = (
					"DEBUG=1",
					"$(inherited)",
				);
				GCC_WARN_64_TO_32_BIT_CONVERSION = YES;
				GCC_WARN_ABOUT_RETURN_TYPE = YES_ERROR;
				GCC_WARN_UNDECLARED_SELECTOR = YES;
				GCC_WARN_UNINITIALIZED_AUTOS = YES_AGGRESSIVE;
				GCC_WARN_UNUSED_FUNCTION = YES;
				GCC_WARN_UNUSED_VARIABLE = YES;
				IPHONEOS_DEPLOYMENT_TARGET = 13.4;
				MTL_ENABLE_DEBUG_INFO = INCLUDE_SOURCE;
				MTL_FAST_MATH = YES;
				ONLY_ACTIVE_ARCH = YES;
				SDKROOT = iphoneos;
				SWIFT_ACTIVE_COMPILATION_CONDITIONS = DEBUG;
				SWIFT_OPTIMIZATION_LEVEL = "-Onone";
			};
			name = Debug;
		};
		B619B069243CEC1A00FF40DF /* Release */ = {
			isa = XCBuildConfiguration;
			buildSettings = {
				ALWAYS_SEARCH_USER_PATHS = NO;
				CLANG_ANALYZER_NONNULL = YES;
				CLANG_ANALYZER_NUMBER_OBJECT_CONVERSION = YES_AGGRESSIVE;
				CLANG_CXX_LANGUAGE_STANDARD = "gnu++14";
				CLANG_CXX_LIBRARY = "libc++";
				CLANG_ENABLE_MODULES = YES;
				CLANG_ENABLE_OBJC_ARC = YES;
				CLANG_ENABLE_OBJC_WEAK = YES;
				CLANG_WARN_BLOCK_CAPTURE_AUTORELEASING = YES;
				CLANG_WARN_BOOL_CONVERSION = YES;
				CLANG_WARN_COMMA = YES;
				CLANG_WARN_CONSTANT_CONVERSION = YES;
				CLANG_WARN_DEPRECATED_OBJC_IMPLEMENTATIONS = YES;
				CLANG_WARN_DIRECT_OBJC_ISA_USAGE = YES_ERROR;
				CLANG_WARN_DOCUMENTATION_COMMENTS = YES;
				CLANG_WARN_EMPTY_BODY = YES;
				CLANG_WARN_ENUM_CONVERSION = YES;
				CLANG_WARN_INFINITE_RECURSION = YES;
				CLANG_WARN_INT_CONVERSION = YES;
				CLANG_WARN_NON_LITERAL_NULL_CONVERSION = YES;
				CLANG_WARN_OBJC_IMPLICIT_RETAIN_SELF = YES;
				CLANG_WARN_OBJC_LITERAL_CONVERSION = YES;
				CLANG_WARN_OBJC_ROOT_CLASS = YES_ERROR;
				CLANG_WARN_RANGE_LOOP_ANALYSIS = YES;
				CLANG_WARN_STRICT_PROTOTYPES = YES;
				CLANG_WARN_SUSPICIOUS_MOVE = YES;
				CLANG_WARN_UNGUARDED_AVAILABILITY = YES_AGGRESSIVE;
				CLANG_WARN_UNREACHABLE_CODE = YES;
				CLANG_WARN__DUPLICATE_METHOD_MATCH = YES;
				COPY_PHASE_STRIP = NO;
				DEBUG_INFORMATION_FORMAT = "dwarf-with-dsym";
				ENABLE_NS_ASSERTIONS = NO;
				ENABLE_STRICT_OBJC_MSGSEND = YES;
				GCC_C_LANGUAGE_STANDARD = gnu11;
				GCC_NO_COMMON_BLOCKS = YES;
				GCC_WARN_64_TO_32_BIT_CONVERSION = YES;
				GCC_WARN_ABOUT_RETURN_TYPE = YES_ERROR;
				GCC_WARN_UNDECLARED_SELECTOR = YES;
				GCC_WARN_UNINITIALIZED_AUTOS = YES_AGGRESSIVE;
				GCC_WARN_UNUSED_FUNCTION = YES;
				GCC_WARN_UNUSED_VARIABLE = YES;
				IPHONEOS_DEPLOYMENT_TARGET = 13.4;
				MTL_ENABLE_DEBUG_INFO = NO;
				MTL_FAST_MATH = YES;
				SDKROOT = iphoneos;
				SWIFT_COMPILATION_MODE = wholemodule;
				SWIFT_OPTIMIZATION_LEVEL = "-O";
				VALIDATE_PRODUCT = YES;
			};
			name = Release;
		};
		B619B06B243CEC1A00FF40DF /* Debug */ = {
			isa = XCBuildConfiguration;
			buildSettings = {
				ASSETCATALOG_COMPILER_APPICON_NAME = AppIcon;
				CODE_SIGN_STYLE = Automatic;
				DEVELOPMENT_TEAM = 87G2Y58K9U;
				INFOPLIST_FILE = CurrencyConverterMVVM/Info.plist;
				LD_RUNPATH_SEARCH_PATHS = (
					"$(inherited)",
					"@executable_path/Frameworks",
				);
				PRODUCT_BUNDLE_IDENTIFIER = com.lucasfn.CurrencyConverterMVVM;
				PRODUCT_NAME = "$(TARGET_NAME)";
				SWIFT_VERSION = 5.0;
				TARGETED_DEVICE_FAMILY = "1,2";
			};
			name = Debug;
		};
		B619B06C243CEC1A00FF40DF /* Release */ = {
			isa = XCBuildConfiguration;
			buildSettings = {
				ASSETCATALOG_COMPILER_APPICON_NAME = AppIcon;
				CODE_SIGN_STYLE = Automatic;
				DEVELOPMENT_TEAM = 87G2Y58K9U;
				INFOPLIST_FILE = CurrencyConverterMVVM/Info.plist;
				LD_RUNPATH_SEARCH_PATHS = (
					"$(inherited)",
					"@executable_path/Frameworks",
				);
				PRODUCT_BUNDLE_IDENTIFIER = com.lucasfn.CurrencyConverterMVVM;
				PRODUCT_NAME = "$(TARGET_NAME)";
				SWIFT_VERSION = 5.0;
				TARGETED_DEVICE_FAMILY = "1,2";
			};
			name = Release;
		};
/* End XCBuildConfiguration section */

/* Begin XCConfigurationList section */
		B619B051243CEC1900FF40DF /* Build configuration list for PBXProject "CurrencyConverterMVVM" */ = {
			isa = XCConfigurationList;
			buildConfigurations = (
				B619B068243CEC1A00FF40DF /* Debug */,
				B619B069243CEC1A00FF40DF /* Release */,
			);
			defaultConfigurationIsVisible = 0;
			defaultConfigurationName = Release;
		};
		B619B06A243CEC1A00FF40DF /* Build configuration list for PBXNativeTarget "CurrencyConverterMVVM" */ = {
			isa = XCConfigurationList;
			buildConfigurations = (
				B619B06B243CEC1A00FF40DF /* Debug */,
				B619B06C243CEC1A00FF40DF /* Release */,
			);
			defaultConfigurationIsVisible = 0;
			defaultConfigurationName = Release;
		};
/* End XCConfigurationList section */
	};
	rootObject = B619B04E243CEC1900FF40DF /* Project object */;
}
